<?xml version="1.0" encoding="utf-8"?>
<Project ToolsVersion="4.0" xmlns="http://schemas.microsoft.com/developer/msbuild/2003">
  <ItemGroup>
    <Filter Include="Source Files">
      <UniqueIdentifier>{4FC737F1-C7A5-4376-A066-2A32D752A2FF}</UniqueIdentifier>
      <Extensions>cpp;c;cc;cxx;def;odl;idl;hpj;bat;asm;asmx</Extensions>
    </Filter>
    <Filter Include="Header Files">
      <UniqueIdentifier>{93995380-89BD-4b04-88EB-625FBE52EBFB}</UniqueIdentifier>
      <Extensions>h;hh;hpp;hxx;hm;inl;inc;ipp;xsd</Extensions>
    </Filter>
    <Filter Include="Resource Files">
      <UniqueIdentifier>{67DA6AB6-F800-4c08-8B7A-83BB121AAD01}</UniqueIdentifier>
      <Extensions>rc;ico;cur;bmp;dlg;rc2;rct;bin;rgs;gif;jpg;jpeg;jpe;resx;tiff;tif;png;wav;mfcribbon-ms</Extensions>
    </Filter>
    <Filter Include="Source Files\src">
      <UniqueIdentifier>{59215502-41e0-4241-80ac-211f20040e60}</UniqueIdentifier>
    </Filter>
    <Filter Include="Source Files\collections">
      <UniqueIdentifier>{125f847c-dc76-4278-8c73-e5138a5a0cc9}</UniqueIdentifier>
    </Filter>
    <Filter Include="Source Files\collections\stack">
      <UniqueIdentifier>{cabf1ecc-0c44-49b3-aea5-9595dea03399}</UniqueIdentifier>
    </Filter>
    <Filter Include="Source Files\collections\linkedlist">
      <UniqueIdentifier>{20b357d0-af47-4cf7-9753-37a925c7c09a}</UniqueIdentifier>
    </Filter>
    <Filter Include="Source Files\collections\queue">
      <UniqueIdentifier>{46a14dcb-16b8-4044-bb3a-5b3b9656e653}</UniqueIdentifier>
    </Filter>
    <Filter Include="Source Files\collections\set">
      <UniqueIdentifier>{3956dd11-5d3c-43ec-8865-c62fcd57948b}</UniqueIdentifier>
    </Filter>
    <Filter Include="Source Files\collections\hashtable">
      <UniqueIdentifier>{0355ec05-004a-47ea-8b04-97da95314210}</UniqueIdentifier>
    </Filter>
    <Filter Include="Source Files\trees">
      <UniqueIdentifier>{134a4f94-d8ba-45bb-b852-312e9079b984}</UniqueIdentifier>
    </Filter>
    <Filter Include="Source Files\trees\btree">
      <UniqueIdentifier>{2f1fa52c-02c7-45a8-8911-adc273aa6eb0}</UniqueIdentifier>
    </Filter>
    <Filter Include="Source Files\trees\graph">
      <UniqueIdentifier>{361e656a-ab40-497e-ba0a-921df535306e}</UniqueIdentifier>
    </Filter>
  </ItemGroup>
  <ItemGroup>
    <ClCompile Include="src\main.c">
      <Filter>Source Files\src</Filter>
    </ClCompile>
    <ClCompile Include="..\collections\stack\stack.c">
      <Filter>Source Files\collections\stack</Filter>
    </ClCompile>
    <ClCompile Include="..\collections\linkedlist\linkedlist.c">
      <Filter>Source Files\collections\linkedlist</Filter>
    </ClCompile>
    <ClCompile Include="..\collections\queue\queue.c">
      <Filter>Source Files\collections\queue</Filter>
    </ClCompile>
    <ClCompile Include="..\collections\set\set .c">
      <Filter>Source Files\collections\set</Filter>
    </ClCompile>
    <ClCompile Include="..\collections\hashtable\hashtable.c">
      <Filter>Source Files\collections\hashtable</Filter>
    </ClCompile>
    <ClCompile Include="..\trees\btree\btree.c">
      <Filter>Source Files\trees\btree</Filter>
    </ClCompile>
    <ClCompile Include="..\trees\graph\graph.c">
      <Filter>Source Files\trees\graph</Filter>
    </ClCompile>
    <ClCompile Include="src\p46_mesh_message.c">
      <Filter>Source Files\src</Filter>
    </ClCompile>
    <ClCompile Include="src\p29_bracket_validator.c">
      <Filter>Source Files\src</Filter>
    </ClCompile>
    <ClCompile Include="src\p08_balanced_binary_tree.c">
      <Filter>Source Files\src</Filter>
    </ClCompile>
    <ClCompile Include="src\p16_cake_thief.c">
      <Filter>Source Files\src</Filter>
    </ClCompile>
  </ItemGroup>
  <ItemGroup>
    <ClInclude Include="..\collections\stack\stack.h">
      <Filter>Source Files\collections\stack</Filter>
    </ClInclude>
    <ClInclude Include="..\collections\linkedlist\linkedlist.h">
      <Filter>Source Files\collections\linkedlist</Filter>
    </ClInclude>
    <ClInclude Include="..\collections\queue\queue.h">
      <Filter>Source Files\collections\queue</Filter>
    </ClInclude>
    <ClInclude Include="..\collections\set\set.h">
      <Filter>Source Files\collections\set</Filter>
    </ClInclude>
    <ClInclude Include="..\collections\hashtable\hashtable.h">
      <Filter>Source Files\collections\hashtable</Filter>
    </ClInclude>
    <ClInclude Include="..\trees\btree\btree.h">
      <Filter>Source Files\trees\btree</Filter>
    </ClInclude>
    <ClInclude Include="..\trees\graph\graph.h">
      <Filter>Source Files\trees\graph</Filter>
    </ClInclude>
  </ItemGroup>
</Project>