<?xml version="1.0" encoding="utf-8"?>
<Project ToolsVersion="4.0" xmlns="http://schemas.microsoft.com/developer/msbuild/2003">
  <ItemGroup>
    <Filter Include="Source Files">
      <UniqueIdentifier>{4FC737F1-C7A5-4376-A066-2A32D752A2FF}</UniqueIdentifier>
      <Extensions>cpp;c;cc;cxx;def;odl;idl;hpj;bat;asm;asmx</Extensions>
    </Filter>
    <Filter Include="Header Files">
      <UniqueIdentifier>{93995380-89BD-4b04-88EB-625FBE52EBFB}</UniqueIdentifier>
      <Extensions>h;hh;hpp;hxx;hm;inl;inc;ipp;xsd</Extensions>
    </Filter>
    <Filter Include="Resource Files">
      <UniqueIdentifier>{67DA6AB6-F800-4c08-8B7A-83BB121AAD01}</UniqueIdentifier>
      <Extensions>rc;ico;cur;bmp;dlg;rc2;rct;bin;rgs;gif;jpg;jpeg;jpe;resx;tiff;tif;png;wav;mfcribbon-ms</Extensions>
    </Filter>
    <Filter Include="Source Files\collections">
      <UniqueIdentifier>{dbaee594-fd87-4a10-9c4b-f57e5353e949}</UniqueIdentifier>
    </Filter>
    <Filter Include="Source Files\collections\stack">
      <UniqueIdentifier>{a6358dd9-b9f3-404a-a64f-323da1fc262e}</UniqueIdentifier>
    </Filter>
    <Filter Include="Source Files\collections\linkedlist">
      <UniqueIdentifier>{89bc1f8c-bb01-4248-a7b5-dae2672ce7f7}</UniqueIdentifier>
    </Filter>
    <Filter Include="Source Files\collections\queue">
      <UniqueIdentifier>{b62ee74c-78c0-49b5-a335-a8f451266f22}</UniqueIdentifier>
    </Filter>
    <Filter Include="Source Files\collections\set">
      <UniqueIdentifier>{b59caabb-6341-443d-bdf2-17545aad66ae}</UniqueIdentifier>
    </Filter>
    <Filter Include="Source Files\btree">
      <UniqueIdentifier>{bc6d4fcb-2c13-4e21-8ad5-328ac0626cbb}</UniqueIdentifier>
    </Filter>
    <Filter Include="Source Files\src">
      <UniqueIdentifier>{de3a61d3-9f5c-491c-a4cd-4766a9a86173}</UniqueIdentifier>
    </Filter>
    <Filter Include="Source Files\graph">
      <UniqueIdentifier>{84b3fe8f-584f-46aa-b177-285540946001}</UniqueIdentifier>
    </Filter>
    <Filter Include="Source Files\collections\hashtable">
      <UniqueIdentifier>{b2ad7356-3a3f-475c-b6e3-3cb22fa07005}</UniqueIdentifier>
    </Filter>
  </ItemGroup>
  <ItemGroup>
    <ClCompile Include="..\collections\stack\stack.c">
      <Filter>Source Files\collections\stack</Filter>
    </ClCompile>
    <ClCompile Include="..\collections\linkedlist\linkedlist.c">
      <Filter>Source Files\collections\linkedlist</Filter>
    </ClCompile>
    <ClCompile Include="..\collections\queue\queue.c">
      <Filter>Source Files\collections\queue</Filter>
    </ClCompile>
    <ClCompile Include="..\collections\set\set .c">
      <Filter>Source Files\collections\set</Filter>
    </ClCompile>
    <ClCompile Include="btree\btree.c">
      <Filter>Source Files\btree</Filter>
    </ClCompile>
    <ClCompile Include="src\main.c">
      <Filter>Source Files\src</Filter>
    </ClCompile>
    <ClCompile Include="graph\graph.c">
      <Filter>Source Files\graph</Filter>
    </ClCompile>
    <ClCompile Include="..\collections\hashtable\hashtable.c">
      <Filter>Source Files\collections\hashtable</Filter>
    </ClCompile>
  </ItemGroup>
  <ItemGroup>
    <ClInclude Include="..\collections\stack\stack.h">
      <Filter>Source Files\collections\stack</Filter>
    </ClInclude>
    <ClInclude Include="..\collections\linkedlist\linkedlist.h">
      <Filter>Source Files\collections\linkedlist</Filter>
    </ClInclude>
    <ClInclude Include="..\collections\queue\queue.h">
      <Filter>Source Files\collections\queue</Filter>
    </ClInclude>
    <ClInclude Include="..\collections\set\set.h">
      <Filter>Source Files\collections\set</Filter>
    </ClInclude>
    <ClInclude Include="btree\btree.h">
      <Filter>Source Files\btree</Filter>
    </ClInclude>
    <ClInclude Include="graph\graph.h">
      <Filter>Source Files\graph</Filter>
    </ClInclude>
    <ClInclude Include="..\collections\hashtable\hashtable.h">
      <Filter>Source Files\collections\hashtable</Filter>
    </ClInclude>
  </ItemGroup>
</Project>